
Microsoft Visual Studio Solution File, Format Version 12.00
# Visual Studio 14
VisualStudioVersion = 14.0.23107.0
MinimumVisualStudioVersion = 10.0.40219.1
Project("{2150E333-8FDC-42A3-9474-1A3956D46DE8}") = "src", "src", "{7089E236-6911-471C-8C51-DBFAA067B8FE}"
EndProject
Project("{2150E333-8FDC-42A3-9474-1A3956D46DE8}") = "Solution Items", "Solution Items", "{1EA4A04E-0696-48E2-B5EB-38BE5573E267}"
	ProjectSection(SolutionItems) = preProject
		global.json = global.json
	EndProjectSection
EndProject
Project("{8BB2217D-0F2D-49D1-97BC-3654ED321F3B}") = "CasAuthenticationMiddleware", "src\CasAuthenticationMiddleware\CasAuthenticationMiddleware.xproj", "{18B920F1-C074-45E0-BF32-CC5DE6B279D2}"
EndProject
Project("{2150E333-8FDC-42A3-9474-1A3956D46DE8}") = "sample", "sample", "{A1C42963-0D12-4F3E-B0C8-EDF755BBE916}"
EndProject
Project("{8BB2217D-0F2D-49D1-97BC-3654ED321F3B}") = "CasAuthenticationSample", "CasAuthenticationSample\CasAuthenticationSample.xproj", "{1087ED13-2032-461F-AACC-8A6EB0ACEE40}"
EndProject
Global
	GlobalSection(SolutionConfigurationPlatforms) = preSolution
		Debug|Any CPU = Debug|Any CPU
		Release|Any CPU = Release|Any CPU
	EndGlobalSection
	GlobalSection(ProjectConfigurationPlatforms) = postSolution
		{18B920F1-C074-45E0-BF32-CC5DE6B279D2}.Debug|Any CPU.ActiveCfg = Debug|Any CPU
		{18B920F1-C074-45E0-BF32-CC5DE6B279D2}.Debug|Any CPU.Build.0 = Debug|Any CPU
		{18B920F1-C074-45E0-BF32-CC5DE6B279D2}.Release|Any CPU.ActiveCfg = Release|Any CPU
		{18B920F1-C074-45E0-BF32-CC5DE6B279D2}.Release|Any CPU.Build.0 = Release|Any CPU
		{1087ED13-2032-461F-AACC-8A6EB0ACEE40}.Debug|Any CPU.ActiveCfg = Debug|Any CPU
		{1087ED13-2032-461F-AACC-8A6EB0ACEE40}.Debug|Any CPU.Build.0 = Debug|Any CPU
		{1087ED13-2032-461F-AACC-8A6EB0ACEE40}.Release|Any CPU.ActiveCfg = Release|Any CPU
		{1087ED13-2032-461F-AACC-8A6EB0ACEE40}.Release|Any CPU.Build.0 = Release|Any CPU
	EndGlobalSection
	GlobalSection(SolutionProperties) = preSolution
		HideSolutionNode = FALSE
	EndGlobalSection
	GlobalSection(NestedProjects) = preSolution
		{18B920F1-C074-45E0-BF32-CC5DE6B279D2} = {7089E236-6911-471C-8C51-DBFAA067B8FE}
		{1087ED13-2032-461F-AACC-8A6EB0ACEE40} = {A1C42963-0D12-4F3E-B0C8-EDF755BBE916}
	EndGlobalSection
EndGlobal
